
Microsoft Visual Studio Solution File, Format Version 12.00
# Visual Studio 15
VisualStudioVersion = 15.0.28307.852
MinimumVisualStudioVersion = 10.0.40219.1
Project("{FAE04EC0-301F-11D3-BF4B-00C04F79EFBC}") = "TEST_06.02.2020", "TEST_06.02.2020\TEST_06.02.2020.csproj", "{BE7D46C4-C182-4274-B178-45BF319D8ED8}"
EndProject
Global
	GlobalSection(SolutionConfigurationPlatforms) = preSolution
		Debug|Any CPU = Debug|Any CPU
		Release|Any CPU = Release|Any CPU
	EndGlobalSection
	GlobalSection(ProjectConfigurationPlatforms) = postSolution
		{BE7D46C4-C182-4274-B178-45BF319D8ED8}.Debug|Any CPU.ActiveCfg = Debug|Any CPU
		{BE7D46C4-C182-4274-B178-45BF319D8ED8}.Debug|Any CPU.Build.0 = Debug|Any CPU
		{BE7D46C4-C182-4274-B178-45BF319D8ED8}.Release|Any CPU.ActiveCfg = Release|Any CPU
		{BE7D46C4-C182-4274-B178-45BF319D8ED8}.Release|Any CPU.Build.0 = Release|Any CPU
	EndGlobalSection
	GlobalSection(SolutionProperties) = preSolution
		HideSolutionNode = FALSE
	EndGlobalSection
	GlobalSection(ExtensibilityGlobals) = postSolution
		SolutionGuid = {533BEE1A-D357-4587-9193-DF1D549B038B}
	EndGlobalSection
EndGlobal
